// !$*UTF8*$!
{
	archiveVersion = 1;
	classes = {
	};
	objectVersion = 50;
	objects = {

/* Begin PBXBuildFile section */
		77B2BC6227D0E148008FC81D /* AppDelegate.swift in Sources */ = {isa = PBXBuildFile; fileRef = 77B2BC6127D0E148008FC81D /* AppDelegate.swift */; };
		77B2BC6427D0E148008FC81D /* SceneDelegate.swift in Sources */ = {isa = PBXBuildFile; fileRef = 77B2BC6327D0E148008FC81D /* SceneDelegate.swift */; };
		77B2BC6627D0E148008FC81D /* ViewController.swift in Sources */ = {isa = PBXBuildFile; fileRef = 77B2BC6527D0E148008FC81D /* ViewController.swift */; };
		77B2BC6927D0E148008FC81D /* Main.storyboard in Resources */ = {isa = PBXBuildFile; fileRef = 77B2BC6727D0E148008FC81D /* Main.storyboard */; };
		77B2BC6B27D0E14A008FC81D /* Assets.xcassets in Resources */ = {isa = PBXBuildFile; fileRef = 77B2BC6A27D0E14A008FC81D /* Assets.xcassets */; };
		77B2BC6E27D0E14A008FC81D /* LaunchScreen.storyboard in Resources */ = {isa = PBXBuildFile; fileRef = 77B2BC6C27D0E14A008FC81D /* LaunchScreen.storyboard */; };
/* End PBXBuildFile section */

/* Begin PBXFileReference section */
		77B2BC5E27D0E148008FC81D /* MiniPoker.app */ = {isa = PBXFileReference; explicitFileType = wrapper.application; includeInIndex = 0; path = MiniPoker.app; sourceTree = BUILT_PRODUCTS_DIR; };
		77B2BC6127D0E148008FC81D /* AppDelegate.swift */ = {isa = PBXFileReference; lastKnownFileType = sourcecode.swift; path = AppDelegate.swift; sourceTree = "<group>"; };
		77B2BC6327D0E148008FC81D /* SceneDelegate.swift */ = {isa = PBXFileReference; lastKnownFileType = sourcecode.swift; path = SceneDelegate.swift; sourceTree = "<group>"; };
		77B2BC6527D0E148008FC81D /* ViewController.swift */ = {isa = PBXFileReference; lastKnownFileType = sourcecode.swift; path = ViewController.swift; sourceTree = "<group>"; };
		77B2BC6827D0E148008FC81D /* Base */ = {isa = PBXFileReference; lastKnownFileType = file.storyboard; name = Base; path = Base.lproj/Main.storyboard; sourceTree = "<group>"; };
		77B2BC6A27D0E14A008FC81D /* Assets.xcassets */ = {isa = PBXFileReference; lastKnownFileType = folder.assetcatalog; path = Assets.xcassets; sourceTree = "<group>"; };
		77B2BC6D27D0E14A008FC81D /* Base */ = {isa = PBXFileReference; lastKnownFileType = file.storyboard; name = Base; path = Base.lproj/LaunchScreen.storyboard; sourceTree = "<group>"; };
		77B2BC6F27D0E14A008FC81D /* Info.plist */ = {isa = PBXFileReference; lastKnownFileType = text.plist.xml; path = Info.plist; sourceTree = "<group>"; };
/* End PBXFileReference section */

/* Begin PBXFrameworksBuildPhase section */
		77B2BC5B27D0E148008FC81D /* Frameworks */ = {
			isa = PBXFrameworksBuildPhase;
			buildActionMask = 2147483647;
			files = (
			);
			runOnlyForDeploymentPostprocessing = 0;
		};
/* End PBXFrameworksBuildPhase section */

/* Begin PBXGroup section */
		77B2BC5527D0E148008FC81D = {
			isa = PBXGroup;
			children = (
				77B2BC6027D0E148008FC81D /* MiniPoker */,
				77B2BC5F27D0E148008FC81D /* Products */,
			);
			sourceTree = "<group>";
		};
		77B2BC5F27D0E148008FC81D /* Products */ = {
			isa = PBXGroup;
			children = (
				77B2BC5E27D0E148008FC81D /* MiniPoker.app */,
			);
			name = Products;
			sourceTree = "<group>";
		};
		77B2BC6027D0E148008FC81D /* MiniPoker */ = {
			isa = PBXGroup;
			children = (
				77B2BC6127D0E148008FC81D /* AppDelegate.swift */,
				77B2BC6327D0E148008FC81D /* SceneDelegate.swift */,
				77B2BC6527D0E148008FC81D /* ViewController.swift */,
				77B2BC6727D0E148008FC81D /* Main.storyboard */,
				77B2BC6A27D0E14A008FC81D /* Assets.xcassets */,
				77B2BC6C27D0E14A008FC81D /* LaunchScreen.storyboard */,
				77B2BC6F27D0E14A008FC81D /* Info.plist */,
			);
			path = MiniPoker;
			sourceTree = "<group>";
		};
/* End PBXGroup section */

/* Begin PBXNativeTarget section */
		77B2BC5D27D0E148008FC81D /* MiniPoker */ = {
			isa = PBXNativeTarget;
			buildConfigurationList = 77B2BC7227D0E14A008FC81D /* Build configuration list for PBXNativeTarget "MiniPoker" */;
			buildPhases = (
				77B2BC5A27D0E148008FC81D /* Sources */,
				77B2BC5B27D0E148008FC81D /* Frameworks */,
				77B2BC5C27D0E148008FC81D /* Resources */,
			);
			buildRules = (
			);
			dependencies = (
			);
			name = MiniPoker;
			productName = MiniPoker;
			productReference = 77B2BC5E27D0E148008FC81D /* MiniPoker.app */;
			productType = "com.apple.product-type.application";
		};
/* End PBXNativeTarget section */

/* Begin PBXProject section */
		77B2BC5627D0E148008FC81D /* Project object */ = {
			isa = PBXProject;
			attributes = {
				LastSwiftUpdateCheck = 1170;
				LastUpgradeCheck = 1170;
				ORGANIZATIONNAME = "Abraham Sahid Reyes Rodriguez";
				TargetAttributes = {
					77B2BC5D27D0E148008FC81D = {
						CreatedOnToolsVersion = 11.7;
					};
				};
			};
			buildConfigurationList = 77B2BC5927D0E148008FC81D /* Build configuration list for PBXProject "MiniPoker" */;
			compatibilityVersion = "Xcode 9.3";
			developmentRegion = en;
			hasScannedForEncodings = 0;
			knownRegions = (
				en,
				Base,
			);
			mainGroup = 77B2BC5527D0E148008FC81D;
			productRefGroup = 77B2BC5F27D0E148008FC81D /* Products */;
			projectDirPath = "";
			projectRoot = "";
			targets = (
				77B2BC5D27D0E148008FC81D /* MiniPoker */,
			);
		};
/* End PBXProject section */

/* Begin PBXResourcesBuildPhase section */
		77B2BC5C27D0E148008FC81D /* Resources */ = {
			isa = PBXResourcesBuildPhase;
			buildActionMask = 2147483647;
			files = (
				77B2BC6E27D0E14A008FC81D /* LaunchScreen.storyboard in Resources */,
				77B2BC6B27D0E14A008FC81D /* Assets.xcassets in Resources */,
				77B2BC6927D0E148008FC81D /* Main.storyboard in Resources */,
			);
			runOnlyForDeploymentPostprocessing = 0;
		};
/* End PBXResourcesBuildPhase section */

/* Begin PBXSourcesBuildPhase section */
		77B2BC5A27D0E148008FC81D /* Sources */ = {
			isa = PBXSourcesBuildPhase;
			buildActionMask = 2147483647;
			files = (
				77B2BC6627D0E148008FC81D /* ViewController.swift in Sources */,
				77B2BC6227D0E148008FC81D /* AppDelegate.swift in Sources */,
				77B2BC6427D0E148008FC81D /* SceneDelegate.swift in Sources */,
			);
			runOnlyForDeploymentPostprocessing = 0;
		};
/* End PBXSourcesBuildPhase section */

/* Begin PBXVariantGroup section */
		77B2BC6727D0E148008FC81D /* Main.storyboard */ = {
			isa = PBXVariantGroup;
			children = (
				77B2BC6827D0E148008FC81D /* Base */,
			);
			name = Main.storyboard;
			sourceTree = "<group>";
		};
		77B2BC6C27D0E14A008FC81D /* LaunchScreen.storyboard */ = {
			isa = PBXVariantGroup;
			children = (
				77B2BC6D27D0E14A008FC81D /* Base */,
			);
			name = LaunchScreen.storyboard;
			sourceTree = "<group>";
		};
/* End PBXVariantGroup section */

/* Begin XCBuildConfiguration section */
		77B2BC7027D0E14A008FC81D /* Debug */ = {
			isa = XCBuildConfiguration;
			buildSettings = {
				ALWAYS_SEARCH_USER_PATHS = NO;
				CLANG_ANALYZER_NONNULL = YES;
				CLANG_ANALYZER_NUMBER_OBJECT_CONVERSION = YES_AGGRESSIVE;
				CLANG_CXX_LANGUAGE_STANDARD = "gnu++14";
				CLANG_CXX_LIBRARY = "libc++";
				CLANG_ENABLE_MODULES = YES;
				CLANG_ENABLE_OBJC_ARC = YES;
				CLANG_ENABLE_OBJC_WEAK = YES;
				CLANG_WARN_BLOCK_CAPTURE_AUTORELEASING = YES;
				CLANG_WARN_BOOL_CONVERSION = YES;
				CLANG_WARN_COMMA = YES;
				CLANG_WARN_CONSTANT_CONVERSION = YES;
				CLANG_WARN_DEPRECATED_OBJC_IMPLEMENTATIONS = YES;
				CLANG_WARN_DIRECT_OBJC_ISA_USAGE = YES_ERROR;
				CLANG_WARN_DOCUMENTATION_COMMENTS = YES;
				CLANG_WARN_EMPTY_BODY = YES;
				CLANG_WARN_ENUM_CONVERSION = YES;
				CLANG_WARN_INFINITE_RECURSION = YES;
				CLANG_WARN_INT_CONVERSION = YES;
				CLANG_WARN_NON_LITERAL_NULL_CONVERSION = YES;
				CLANG_WARN_OBJC_IMPLICIT_RETAIN_SELF = YES;
				CLANG_WARN_OBJC_LITERAL_CONVERSION = YES;
				CLANG_WARN_OBJC_ROOT_CLASS = YES_ERROR;
				CLANG_WARN_RANGE_LOOP_ANALYSIS = YES;
				CLANG_WARN_STRICT_PROTOTYPES = YES;
				CLANG_WARN_SUSPICIOUS_MOVE = YES;
				CLANG_WARN_UNGUARDED_AVAILABILITY = YES_AGGRESSIVE;
				CLANG_WARN_UNREACHABLE_CODE = YES;
				CLANG_WARN__DUPLICATE_METHOD_MATCH = YES;
				COPY_PHASE_STRIP = NO;
				DEBUG_INFORMATION_FORMAT = dwarf;
				ENABLE_STRICT_OBJC_MSGSEND = YES;
				ENABLE_TESTABILITY = YES;
				GCC_C_LANGUAGE_STANDARD = gnu11;
				GCC_DYNAMIC_NO_PIC = NO;
				GCC_NO_COMMON_BLOCKS = YES;
				GCC_OPTIMIZATION_LEVEL = 0;
				GCC_PREPROCESSOR_DEFINITIONS = (
					"DEBUG=1",
					"$(inherited)",
				);
				GCC_WARN_64_TO_32_BIT_CONVERSION = YES;
				GCC_WARN_ABOUT_RETURN_TYPE = YES_ERROR;
				GCC_WARN_UNDECLARED_SELECTOR = YES;
				GCC_WARN_UNINITIALIZED_AUTOS = YES_AGGRESSIVE;
				GCC_WARN_UNUSED_FUNCTION = YES;
				GCC_WARN_UNUSED_VARIABLE = YES;
				IPHONEOS_DEPLOYMENT_TARGET = 13.7;
				MTL_ENABLE_DEBUG_INFO = INCLUDE_SOURCE;
				MTL_FAST_MATH = YES;
				ONLY_ACTIVE_ARCH = YES;
				SDKROOT = iphoneos;
				SWIFT_ACTIVE_COMPILATION_CONDITIONS = DEBUG;
				SWIFT_OPTIMIZATION_LEVEL = "-Onone";
			};
			name = Debug;
		};
		77B2BC7127D0E14A008FC81D /* Release */ = {
			isa = XCBuildConfiguration;
			buildSettings = {
				ALWAYS_SEARCH_USER_PATHS = NO;
				CLANG_ANALYZER_NONNULL = YES;
				CLANG_ANALYZER_NUMBER_OBJECT_CONVERSION = YES_AGGRESSIVE;
				CLANG_CXX_LANGUAGE_STANDARD = "gnu++14";
				CLANG_CXX_LIBRARY = "libc++";
				CLANG_ENABLE_MODULES = YES;
				CLANG_ENABLE_OBJC_ARC = YES;
				CLANG_ENABLE_OBJC_WEAK = YES;
				CLANG_WARN_BLOCK_CAPTURE_AUTORELEASING = YES;
				CLANG_WARN_BOOL_CONVERSION = YES;
				CLANG_WARN_COMMA = YES;
				CLANG_WARN_CONSTANT_CONVERSION = YES;
				CLANG_WARN_DEPRECATED_OBJC_IMPLEMENTATIONS = YES;
				CLANG_WARN_DIRECT_OBJC_ISA_USAGE = YES_ERROR;
				CLANG_WARN_DOCUMENTATION_COMMENTS = YES;
				CLANG_WARN_EMPTY_BODY = YES;
				CLANG_WARN_ENUM_CONVERSION = YES;
				CLANG_WARN_INFINITE_RECURSION = YES;
				CLANG_WARN_INT_CONVERSION = YES;
				CLANG_WARN_NON_LITERAL_NULL_CONVERSION = YES;
				CLANG_WARN_OBJC_IMPLICIT_RETAIN_SELF = YES;
				CLANG_WARN_OBJC_LITERAL_CONVERSION = YES;
				CLANG_WARN_OBJC_ROOT_CLASS = YES_ERROR;
				CLANG_WARN_RANGE_LOOP_ANALYSIS = YES;
				CLANG_WARN_STRICT_PROTOTYPES = YES;
				CLANG_WARN_SUSPICIOUS_MOVE = YES;
				CLANG_WARN_UNGUARDED_AVAILABILITY = YES_AGGRESSIVE;
				CLANG_WARN_UNREACHABLE_CODE = YES;
				CLANG_WARN__DUPLICATE_METHOD_MATCH = YES;
				COPY_PHASE_STRIP = NO;
				DEBUG_INFORMATION_FORMAT = "dwarf-with-dsym";
				ENABLE_NS_ASSERTIONS = NO;
				ENABLE_STRICT_OBJC_MSGSEND = YES;
				GCC_C_LANGUAGE_STANDARD = gnu11;
				GCC_NO_COMMON_BLOCKS = YES;
				GCC_WARN_64_TO_32_BIT_CONVERSION = YES;
				GCC_WARN_ABOUT_RETURN_TYPE = YES_ERROR;
				GCC_WARN_UNDECLARED_SELECTOR = YES;
				GCC_WARN_UNINITIALIZED_AUTOS = YES_AGGRESSIVE;
				GCC_WARN_UNUSED_FUNCTION = YES;
				GCC_WARN_UNUSED_VARIABLE = YES;
				IPHONEOS_DEPLOYMENT_TARGET = 13.7;
				MTL_ENABLE_DEBUG_INFO = NO;
				MTL_FAST_MATH = YES;
				SDKROOT = iphoneos;
				SWIFT_COMPILATION_MODE = wholemodule;
				SWIFT_OPTIMIZATION_LEVEL = "-O";
				VALIDATE_PRODUCT = YES;
			};
			name = Release;
		};
		77B2BC7327D0E14A008FC81D /* Debug */ = {
			isa = XCBuildConfiguration;
			buildSettings = {
				ASSETCATALOG_COMPILER_APPICON_NAME = AppIcon;
				CODE_SIGN_STYLE = Automatic;
				DEVELOPMENT_TEAM = K3Z2U4R8KD;
				INFOPLIST_FILE = MiniPoker/Info.plist;
				IPHONEOS_DEPLOYMENT_TARGET = 13.7;
				LD_RUNPATH_SEARCH_PATHS = (
					"$(inherited)",
					"@executable_path/Frameworks",
				);
				PRODUCT_BUNDLE_IDENTIFIER = com.itm.mx.MiniPoker;
				PRODUCT_NAME = "$(TARGET_NAME)";
				SWIFT_VERSION = 5.0;
				TARGETED_DEVICE_FAMILY = "1,2";
			};
			name = Debug;
		};
		77B2BC7427D0E14A008FC81D /* Release */ = {
			isa = XCBuildConfiguration;
			buildSettings = {
				ASSETCATALOG_COMPILER_APPICON_NAME = AppIcon;
				CODE_SIGN_STYLE = Automatic;
				DEVELOPMENT_TEAM = K3Z2U4R8KD;
				INFOPLIST_FILE = MiniPoker/Info.plist;
				IPHONEOS_DEPLOYMENT_TARGET = 13.7;
				LD_RUNPATH_SEARCH_PATHS = (
					"$(inherited)",
					"@executable_path/Frameworks",
				);
				PRODUCT_BUNDLE_IDENTIFIER = com.itm.mx.MiniPoker;
				PRODUCT_NAME = "$(TARGET_NAME)";
				SWIFT_VERSION = 5.0;
				TARGETED_DEVICE_FAMILY = "1,2";
			};
			name = Release;
		};
/* End XCBuildConfiguration section */

/* Begin XCConfigurationList section */
		77B2BC5927D0E148008FC81D /* Build configuration list for PBXProject "MiniPoker" */ = {
			isa = XCConfigurationList;
			buildConfigurations = (
				77B2BC7027D0E14A008FC81D /* Debug */,
				77B2BC7127D0E14A008FC81D /* Release */,
			);
			defaultConfigurationIsVisible = 0;
			defaultConfigurationName = Release;
		};
		77B2BC7227D0E14A008FC81D /* Build configuration list for PBXNativeTarget "MiniPoker" */ = {
			isa = XCConfigurationList;
			buildConfigurations = (
				77B2BC7327D0E14A008FC81D /* Debug */,
				77B2BC7427D0E14A008FC81D /* Release */,
			);
			defaultConfigurationIsVisible = 0;
			defaultConfigurationName = Release;
		};
/* End XCConfigurationList section */
	};
	rootObject = 77B2BC5627D0E148008FC81D /* Project object */;
}
